<?xml version="1.0" encoding="UTF-8"?>
<CodeBlocks_project_file>
	<FileVersion major="1" minor="6"/>
	<Project>
		<Option title="cesar"/>
		<Option makefile_is_custom="1"/>
		<Option compiler="gcc"/>
		<Option virtualFolders="CMake Files\;"/>
		<Build>
			<Target title="all">
				<Option working_dir="/home/chico/Projects/cesar2"/>
				<Option type="4"/>
				<MakeCommands>
					<Build command="/usr/bin/make -f &quot;/home/chico/Projects/cesar2/Makefile&quot;  VERBOSE=1 all"/>
					<CompileFile command="/usr/bin/make -f &quot;/home/chico/Projects/cesar2/Makefile&quot;  VERBOSE=1 &quot;$file&quot;"/>
					<Clean command="/usr/bin/make -f &quot;/home/chico/Projects/cesar2/Makefile&quot;  VERBOSE=1 clean"/>
					<DistClean command="/usr/bin/make -f &quot;/home/chico/Projects/cesar2/Makefile&quot;  VERBOSE=1 clean"/>
				</MakeCommands>
			</Target>
			<Target title="rebuild_cache">
				<Option working_dir="/home/chico/Projects/cesar2"/>
				<Option type="4"/>
				<MakeCommands>
					<Build command="/usr/bin/make -f &quot;/home/chico/Projects/cesar2/Makefile&quot;  VERBOSE=1 rebuild_cache"/>
					<CompileFile command="/usr/bin/make -f &quot;/home/chico/Projects/cesar2/Makefile&quot;  VERBOSE=1 &quot;$file&quot;"/>
					<Clean command="/usr/bin/make -f &quot;/home/chico/Projects/cesar2/Makefile&quot;  VERBOSE=1 clean"/>
					<DistClean command="/usr/bin/make -f &quot;/home/chico/Projects/cesar2/Makefile&quot;  VERBOSE=1 clean"/>
				</MakeCommands>
			</Target>
			<Target title="cesar">
				<Option output="/home/chico/Projects/cesar2/cesar" prefix_auto="0" extension_auto="0"/>
				<Option working_dir="/home/chico/Projects/cesar2"/>
				<Option object_output="./"/>
				<Option type="1"/>
				<Option compiler="gcc"/>
				<Compiler>
					<Add option="-D_FILE_OFFSET_BITS=64"/>
					<Add option="-DWXUSINGDLL"/>
					<Add option="-D__WXGTK__"/>
					<Add directory="/usr/lib/x86_64-linux-gnu/wx/include/gtk2-unicode-3.1-unofficial"/>
					<Add directory="/usr/include/wx-3.1-unofficial"/>
				</Compiler>
				<MakeCommands>
					<Build command="/usr/bin/make -f &quot;/home/chico/Projects/cesar2/Makefile&quot;  VERBOSE=1 cesar"/>
					<CompileFile command="/usr/bin/make -f &quot;/home/chico/Projects/cesar2/Makefile&quot;  VERBOSE=1 &quot;$file&quot;"/>
					<Clean command="/usr/bin/make -f &quot;/home/chico/Projects/cesar2/Makefile&quot;  VERBOSE=1 clean"/>
					<DistClean command="/usr/bin/make -f &quot;/home/chico/Projects/cesar2/Makefile&quot;  VERBOSE=1 clean"/>
				</MakeCommands>
			</Target>
			<Target title="cesar/fast">
				<Option output="/home/chico/Projects/cesar2/cesar" prefix_auto="0" extension_auto="0"/>
				<Option working_dir="/home/chico/Projects/cesar2"/>
				<Option object_output="./"/>
				<Option type="1"/>
				<Option compiler="gcc"/>
				<Compiler>
					<Add option="-D_FILE_OFFSET_BITS=64"/>
					<Add option="-DWXUSINGDLL"/>
					<Add option="-D__WXGTK__"/>
					<Add directory="/usr/lib/x86_64-linux-gnu/wx/include/gtk2-unicode-3.1-unofficial"/>
					<Add directory="/usr/include/wx-3.1-unofficial"/>
				</Compiler>
				<MakeCommands>
					<Build command="/usr/bin/make -f &quot;/home/chico/Projects/cesar2/Makefile&quot;  VERBOSE=1 cesar/fast"/>
					<CompileFile command="/usr/bin/make -f &quot;/home/chico/Projects/cesar2/Makefile&quot;  VERBOSE=1 &quot;$file&quot;"/>
					<Clean command="/usr/bin/make -f &quot;/home/chico/Projects/cesar2/Makefile&quot;  VERBOSE=1 clean"/>
					<DistClean command="/usr/bin/make -f &quot;/home/chico/Projects/cesar2/Makefile&quot;  VERBOSE=1 clean"/>
				</MakeCommands>
			</Target>
			<Target title="edit_cache">
				<Option working_dir="/home/chico/Projects/cesar2"/>
				<Option type="4"/>
				<MakeCommands>
					<Build command="/usr/bin/make -f &quot;/home/chico/Projects/cesar2/Makefile&quot;  VERBOSE=1 edit_cache"/>
					<CompileFile command="/usr/bin/make -f &quot;/home/chico/Projects/cesar2/Makefile&quot;  VERBOSE=1 &quot;$file&quot;"/>
					<Clean command="/usr/bin/make -f &quot;/home/chico/Projects/cesar2/Makefile&quot;  VERBOSE=1 clean"/>
					<DistClean command="/usr/bin/make -f &quot;/home/chico/Projects/cesar2/Makefile&quot;  VERBOSE=1 clean"/>
				</MakeCommands>
			</Target>
		</Build>
		<Unit filename="/home/chico/Projects/cesar2/CPU.cpp">
			<Option target="cesar"/>
		</Unit>
		<Unit filename="/home/chico/Projects/cesar2/CPU.h">
			<Option target="cesar"/>
		</Unit>
		<Unit filename="/home/chico/Projects/cesar2/Common.h">
			<Option target="cesar"/>
		</Unit>
		<Unit filename="/home/chico/Projects/cesar2/DataTable.cpp">
			<Option target="cesar"/>
		</Unit>
		<Unit filename="/home/chico/Projects/cesar2/DataTable.h">
			<Option target="cesar"/>
		</Unit>
		<Unit filename="/home/chico/Projects/cesar2/ExecutionPanel.cpp">
			<Option target="cesar"/>
		</Unit>
		<Unit filename="/home/chico/Projects/cesar2/ExecutionPanel.h">
			<Option target="cesar"/>
		</Unit>
		<Unit filename="/home/chico/Projects/cesar2/Main.cpp">
			<Option target="cesar"/>
		</Unit>
		<Unit filename="/home/chico/Projects/cesar2/MainFrame.cpp">
			<Option target="cesar"/>
		</Unit>
		<Unit filename="/home/chico/Projects/cesar2/MainFrame.h">
			<Option target="cesar"/>
		</Unit>
		<Unit filename="/home/chico/Projects/cesar2/ProgramTable.cpp">
			<Option target="cesar"/>
		</Unit>
		<Unit filename="/home/chico/Projects/cesar2/ProgramTable.h">
			<Option target="cesar"/>
		</Unit>
		<Unit filename="/home/chico/Projects/cesar2/Register.cpp">
			<Option target="cesar"/>
		</Unit>
		<Unit filename="/home/chico/Projects/cesar2/Register.h">
			<Option target="cesar"/>
		</Unit>
		<Unit filename="/home/chico/Projects/cesar2/SidePanel.cpp">
			<Option target="cesar"/>
		</Unit>
		<Unit filename="/home/chico/Projects/cesar2/SidePanel.h">
			<Option target="cesar"/>
		</Unit>
		<Unit filename="/home/chico/Projects/cesar2/Table.cpp">
			<Option target="cesar"/>
		</Unit>
		<Unit filename="/home/chico/Projects/cesar2/Table.h">
			<Option target="cesar"/>
		</Unit>
		<Unit filename="/home/chico/Projects/cesar2/CMakeLists.txt">
			<Option virtualFolder="CMake Files\"/>
		</Unit>
	</Project>
</CodeBlocks_project_file>
